
Microsoft Visual Studio Solution File, Format Version 12.00
# Visual Studio Version 17
VisualStudioVersion = 17.0.31912.275
MinimumVisualStudioVersion = 10.0.40219.1
Project("{9A19103F-16F7-4668-BE54-9A1E7A4F7556}") = "SiloHost", "SiloHost\SiloHost.csproj", "{1C8E6064-3305-4A71-BF1C-BC02AFFE7F56}"
EndProject
Project("{9A19103F-16F7-4668-BE54-9A1E7A4F7556}") = "GrainInterfaces", "GrainInterfaces\GrainInterfaces.csproj", "{C0EF729D-05A8-4881-9ED0-7F8E3B30C844}"
EndProject
Project("{9A19103F-16F7-4668-BE54-9A1E7A4F7556}") = "Grains", "Grains\Grains.csproj", "{0D607834-343C-473B-A988-F259F224A971}"
EndProject
Project("{9A19103F-16F7-4668-BE54-9A1E7A4F7556}") = "Client", "Client\Client.csproj", "{810F140E-A03A-43A5-86C2-3CADBD3CC17F}"
EndProject
Project("{9A19103F-16F7-4668-BE54-9A1E7A4F7556}") = "Orleans.Streaming.SQS", "Orleans.Streaming.SQS\Orleans.Streaming.SQS.csproj", "{1F561E98-AE34-43E9-A21E-275CE43FAD9E}"
EndProject
Project("{FAE04EC0-301F-11D3-BF4B-00C04F79EFBC}") = "Common", "Common\Common.csproj", "{DFCD1A44-DD9D-414A-90A0-77E97BF82422}"
EndProject
Global
	GlobalSection(SolutionConfigurationPlatforms) = preSolution
		Debug|Any CPU = Debug|Any CPU
		Release|Any CPU = Release|Any CPU
	EndGlobalSection
	GlobalSection(ProjectConfigurationPlatforms) = postSolution
		{1C8E6064-3305-4A71-BF1C-BC02AFFE7F56}.Debug|Any CPU.ActiveCfg = Debug|Any CPU
		{1C8E6064-3305-4A71-BF1C-BC02AFFE7F56}.Debug|Any CPU.Build.0 = Debug|Any CPU
		{1C8E6064-3305-4A71-BF1C-BC02AFFE7F56}.Release|Any CPU.ActiveCfg = Release|Any CPU
		{1C8E6064-3305-4A71-BF1C-BC02AFFE7F56}.Release|Any CPU.Build.0 = Release|Any CPU
		{C0EF729D-05A8-4881-9ED0-7F8E3B30C844}.Debug|Any CPU.ActiveCfg = Debug|Any CPU
		{C0EF729D-05A8-4881-9ED0-7F8E3B30C844}.Debug|Any CPU.Build.0 = Debug|Any CPU
		{C0EF729D-05A8-4881-9ED0-7F8E3B30C844}.Release|Any CPU.ActiveCfg = Release|Any CPU
		{C0EF729D-05A8-4881-9ED0-7F8E3B30C844}.Release|Any CPU.Build.0 = Release|Any CPU
		{0D607834-343C-473B-A988-F259F224A971}.Debug|Any CPU.ActiveCfg = Debug|Any CPU
		{0D607834-343C-473B-A988-F259F224A971}.Debug|Any CPU.Build.0 = Debug|Any CPU
		{0D607834-343C-473B-A988-F259F224A971}.Release|Any CPU.ActiveCfg = Release|Any CPU
		{0D607834-343C-473B-A988-F259F224A971}.Release|Any CPU.Build.0 = Release|Any CPU
		{810F140E-A03A-43A5-86C2-3CADBD3CC17F}.Debug|Any CPU.ActiveCfg = Debug|Any CPU
		{810F140E-A03A-43A5-86C2-3CADBD3CC17F}.Debug|Any CPU.Build.0 = Debug|Any CPU
		{810F140E-A03A-43A5-86C2-3CADBD3CC17F}.Release|Any CPU.ActiveCfg = Release|Any CPU
		{810F140E-A03A-43A5-86C2-3CADBD3CC17F}.Release|Any CPU.Build.0 = Release|Any CPU
		{1F561E98-AE34-43E9-A21E-275CE43FAD9E}.Debug|Any CPU.ActiveCfg = Debug|Any CPU
		{1F561E98-AE34-43E9-A21E-275CE43FAD9E}.Debug|Any CPU.Build.0 = Debug|Any CPU
		{1F561E98-AE34-43E9-A21E-275CE43FAD9E}.Release|Any CPU.ActiveCfg = Release|Any CPU
		{1F561E98-AE34-43E9-A21E-275CE43FAD9E}.Release|Any CPU.Build.0 = Release|Any CPU
		{DFCD1A44-DD9D-414A-90A0-77E97BF82422}.Debug|Any CPU.ActiveCfg = Debug|Any CPU
		{DFCD1A44-DD9D-414A-90A0-77E97BF82422}.Debug|Any CPU.Build.0 = Debug|Any CPU
		{DFCD1A44-DD9D-414A-90A0-77E97BF82422}.Release|Any CPU.ActiveCfg = Release|Any CPU
		{DFCD1A44-DD9D-414A-90A0-77E97BF82422}.Release|Any CPU.Build.0 = Release|Any CPU
	EndGlobalSection
	GlobalSection(SolutionProperties) = preSolution
		HideSolutionNode = FALSE
	EndGlobalSection
	GlobalSection(ExtensibilityGlobals) = postSolution
		SolutionGuid = {0D2E5889-8459-4937-8150-AE3A419D52CE}
	EndGlobalSection
EndGlobal
